
Microsoft Visual Studio Solution File, Format Version 12.00
# Visual Studio Version 16
VisualStudioVersion = 16.0.29806.167
MinimumVisualStudioVersion = 10.0.40219.1
Project("{FAE04EC0-301F-11D3-BF4B-00C04F79EFBC}") = "CarouselViewTest.UWP", "CarouselViewTest\CarouselViewTest.UWP\CarouselViewTest.UWP.csproj", "{FD75FB83-24EF-452D-9A45-D3D07550C984}"
EndProject
Project("{FAE04EC0-301F-11D3-BF4B-00C04F79EFBC}") = "CarouselViewTest.Android", "CarouselViewTest\CarouselViewTest.Android\CarouselViewTest.Android.csproj", "{DF8DC6FE-5719-4560-B538-E081D6F8DBBF}"
EndProject
Project("{FAE04EC0-301F-11D3-BF4B-00C04F79EFBC}") = "CarouselViewTest.iOS", "CarouselViewTest\CarouselViewTest.iOS\CarouselViewTest.iOS.csproj", "{95678B64-4D3E-4130-BA63-F026ABAE93D7}"
EndProject
Project("{FAE04EC0-301F-11D3-BF4B-00C04F79EFBC}") = "CarouselViewTest", "CarouselViewTest\CarouselViewTest\CarouselViewTest.csproj", "{45AEBC20-0BD9-4D78-9859-705F390CFFAD}"
EndProject
Global
	GlobalSection(SolutionConfigurationPlatforms) = preSolution
		Debug|Any CPU = Debug|Any CPU
		Debug|ARM = Debug|ARM
		Debug|iPhone = Debug|iPhone
		Debug|iPhoneSimulator = Debug|iPhoneSimulator
		Debug|x64 = Debug|x64
		Debug|x86 = Debug|x86
		Release|Any CPU = Release|Any CPU
		Release|ARM = Release|ARM
		Release|iPhone = Release|iPhone
		Release|iPhoneSimulator = Release|iPhoneSimulator
		Release|x64 = Release|x64
		Release|x86 = Release|x86
	EndGlobalSection
	GlobalSection(ProjectConfigurationPlatforms) = postSolution
		{FD75FB83-24EF-452D-9A45-D3D07550C984}.Debug|Any CPU.ActiveCfg = Debug|x86
		{FD75FB83-24EF-452D-9A45-D3D07550C984}.Debug|Any CPU.Build.0 = Debug|x86
		{FD75FB83-24EF-452D-9A45-D3D07550C984}.Debug|Any CPU.Deploy.0 = Debug|x86
		{FD75FB83-24EF-452D-9A45-D3D07550C984}.Debug|ARM.ActiveCfg = Debug|ARM
		{FD75FB83-24EF-452D-9A45-D3D07550C984}.Debug|ARM.Build.0 = Debug|ARM
		{FD75FB83-24EF-452D-9A45-D3D07550C984}.Debug|ARM.Deploy.0 = Debug|ARM
		{FD75FB83-24EF-452D-9A45-D3D07550C984}.Debug|iPhone.ActiveCfg = Debug|x86
		{FD75FB83-24EF-452D-9A45-D3D07550C984}.Debug|iPhone.Build.0 = Debug|x86
		{FD75FB83-24EF-452D-9A45-D3D07550C984}.Debug|iPhone.Deploy.0 = Debug|x86
		{FD75FB83-24EF-452D-9A45-D3D07550C984}.Debug|iPhoneSimulator.ActiveCfg = Debug|x86
		{FD75FB83-24EF-452D-9A45-D3D07550C984}.Debug|iPhoneSimulator.Build.0 = Debug|x86
		{FD75FB83-24EF-452D-9A45-D3D07550C984}.Debug|iPhoneSimulator.Deploy.0 = Debug|x86
		{FD75FB83-24EF-452D-9A45-D3D07550C984}.Debug|x64.ActiveCfg = Debug|x64
		{FD75FB83-24EF-452D-9A45-D3D07550C984}.Debug|x64.Build.0 = Debug|x64
		{FD75FB83-24EF-452D-9A45-D3D07550C984}.Debug|x64.Deploy.0 = Debug|x64
		{FD75FB83-24EF-452D-9A45-D3D07550C984}.Debug|x86.ActiveCfg = Debug|x86
		{FD75FB83-24EF-452D-9A45-D3D07550C984}.Debug|x86.Build.0 = Debug|x86
		{FD75FB83-24EF-452D-9A45-D3D07550C984}.Debug|x86.Deploy.0 = Debug|x86
		{FD75FB83-24EF-452D-9A45-D3D07550C984}.Release|Any CPU.ActiveCfg = Release|x86
		{FD75FB83-24EF-452D-9A45-D3D07550C984}.Release|Any CPU.Build.0 = Release|x86
		{FD75FB83-24EF-452D-9A45-D3D07550C984}.Release|Any CPU.Deploy.0 = Release|x86
		{FD75FB83-24EF-452D-9A45-D3D07550C984}.Release|ARM.ActiveCfg = Release|ARM
		{FD75FB83-24EF-452D-9A45-D3D07550C984}.Release|ARM.Build.0 = Release|ARM
		{FD75FB83-24EF-452D-9A45-D3D07550C984}.Release|ARM.Deploy.0 = Release|ARM
		{FD75FB83-24EF-452D-9A45-D3D07550C984}.Release|iPhone.ActiveCfg = Release|x86
		{FD75FB83-24EF-452D-9A45-D3D07550C984}.Release|iPhone.Build.0 = Release|x86
		{FD75FB83-24EF-452D-9A45-D3D07550C984}.Release|iPhone.Deploy.0 = Release|x86
		{FD75FB83-24EF-452D-9A45-D3D07550C984}.Release|iPhoneSimulator.ActiveCfg = Release|x86
		{FD75FB83-24EF-452D-9A45-D3D07550C984}.Release|iPhoneSimulator.Build.0 = Release|x86
		{FD75FB83-24EF-452D-9A45-D3D07550C984}.Release|iPhoneSimulator.Deploy.0 = Release|x86
		{FD75FB83-24EF-452D-9A45-D3D07550C984}.Release|x64.ActiveCfg = Release|x64
		{FD75FB83-24EF-452D-9A45-D3D07550C984}.Release|x64.Build.0 = Release|x64
		{FD75FB83-24EF-452D-9A45-D3D07550C984}.Release|x64.Deploy.0 = Release|x64
		{FD75FB83-24EF-452D-9A45-D3D07550C984}.Release|x86.ActiveCfg = Release|x86
		{FD75FB83-24EF-452D-9A45-D3D07550C984}.Release|x86.Build.0 = Release|x86
		{FD75FB83-24EF-452D-9A45-D3D07550C984}.Release|x86.Deploy.0 = Release|x86
		{DF8DC6FE-5719-4560-B538-E081D6F8DBBF}.Debug|Any CPU.ActiveCfg = Debug|Any CPU
		{DF8DC6FE-5719-4560-B538-E081D6F8DBBF}.Debug|Any CPU.Build.0 = Debug|Any CPU
		{DF8DC6FE-5719-4560-B538-E081D6F8DBBF}.Debug|Any CPU.Deploy.0 = Debug|Any CPU
		{DF8DC6FE-5719-4560-B538-E081D6F8DBBF}.Debug|ARM.ActiveCfg = Debug|Any CPU
		{DF8DC6FE-5719-4560-B538-E081D6F8DBBF}.Debug|ARM.Build.0 = Debug|Any CPU
		{DF8DC6FE-5719-4560-B538-E081D6F8DBBF}.Debug|ARM.Deploy.0 = Debug|Any CPU
		{DF8DC6FE-5719-4560-B538-E081D6F8DBBF}.Debug|iPhone.ActiveCfg = Debug|Any CPU
		{DF8DC6FE-5719-4560-B538-E081D6F8DBBF}.Debug|iPhone.Build.0 = Debug|Any CPU
		{DF8DC6FE-5719-4560-B538-E081D6F8DBBF}.Debug|iPhone.Deploy.0 = Debug|Any CPU
		{DF8DC6FE-5719-4560-B538-E081D6F8DBBF}.Debug|iPhoneSimulator.ActiveCfg = Debug|Any CPU
		{DF8DC6FE-5719-4560-B538-E081D6F8DBBF}.Debug|iPhoneSimulator.Build.0 = Debug|Any CPU
		{DF8DC6FE-5719-4560-B538-E081D6F8DBBF}.Debug|iPhoneSimulator.Deploy.0 = Debug|Any CPU
		{DF8DC6FE-5719-4560-B538-E081D6F8DBBF}.Debug|x64.ActiveCfg = Debug|Any CPU
		{DF8DC6FE-5719-4560-B538-E081D6F8DBBF}.Debug|x64.Build.0 = Debug|Any CPU
		{DF8DC6FE-5719-4560-B538-E081D6F8DBBF}.Debug|x64.Deploy.0 = Debug|Any CPU
		{DF8DC6FE-5719-4560-B538-E081D6F8DBBF}.Debug|x86.ActiveCfg = Debug|Any CPU
		{DF8DC6FE-5719-4560-B538-E081D6F8DBBF}.Debug|x86.Build.0 = Debug|Any CPU
		{DF8DC6FE-5719-4560-B538-E081D6F8DBBF}.Debug|x86.Deploy.0 = Debug|Any CPU
		{DF8DC6FE-5719-4560-B538-E081D6F8DBBF}.Release|Any CPU.ActiveCfg = Release|Any CPU
		{DF8DC6FE-5719-4560-B538-E081D6F8DBBF}.Release|Any CPU.Build.0 = Release|Any CPU
		{DF8DC6FE-5719-4560-B538-E081D6F8DBBF}.Release|Any CPU.Deploy.0 = Release|Any CPU
		{DF8DC6FE-5719-4560-B538-E081D6F8DBBF}.Release|ARM.ActiveCfg = Release|Any CPU
		{DF8DC6FE-5719-4560-B538-E081D6F8DBBF}.Release|ARM.Build.0 = Release|Any CPU
		{DF8DC6FE-5719-4560-B538-E081D6F8DBBF}.Release|ARM.Deploy.0 = Release|Any CPU
		{DF8DC6FE-5719-4560-B538-E081D6F8DBBF}.Release|iPhone.ActiveCfg = Release|Any CPU
		{DF8DC6FE-5719-4560-B538-E081D6F8DBBF}.Release|iPhone.Build.0 = Release|Any CPU
		{DF8DC6FE-5719-4560-B538-E081D6F8DBBF}.Release|iPhone.Deploy.0 = Release|Any CPU
		{DF8DC6FE-5719-4560-B538-E081D6F8DBBF}.Release|iPhoneSimulator.ActiveCfg = Release|Any CPU
		{DF8DC6FE-5719-4560-B538-E081D6F8DBBF}.Release|iPhoneSimulator.Build.0 = Release|Any CPU
		{DF8DC6FE-5719-4560-B538-E081D6F8DBBF}.Release|iPhoneSimulator.Deploy.0 = Release|Any CPU
		{DF8DC6FE-5719-4560-B538-E081D6F8DBBF}.Release|x64.ActiveCfg = Release|Any CPU
		{DF8DC6FE-5719-4560-B538-E081D6F8DBBF}.Release|x64.Build.0 = Release|Any CPU
		{DF8DC6FE-5719-4560-B538-E081D6F8DBBF}.Release|x64.Deploy.0 = Release|Any CPU
		{DF8DC6FE-5719-4560-B538-E081D6F8DBBF}.Release|x86.ActiveCfg = Release|Any CPU
		{DF8DC6FE-5719-4560-B538-E081D6F8DBBF}.Release|x86.Build.0 = Release|Any CPU
		{DF8DC6FE-5719-4560-B538-E081D6F8DBBF}.Release|x86.Deploy.0 = Release|Any CPU
		{95678B64-4D3E-4130-BA63-F026ABAE93D7}.Debug|Any CPU.ActiveCfg = Debug|iPhone
		{95678B64-4D3E-4130-BA63-F026ABAE93D7}.Debug|Any CPU.Build.0 = Debug|iPhone
		{95678B64-4D3E-4130-BA63-F026ABAE93D7}.Debug|Any CPU.Deploy.0 = Debug|iPhone
		{95678B64-4D3E-4130-BA63-F026ABAE93D7}.Debug|ARM.ActiveCfg = Debug|iPhoneSimulator
		{95678B64-4D3E-4130-BA63-F026ABAE93D7}.Debug|ARM.Build.0 = Debug|iPhoneSimulator
		{95678B64-4D3E-4130-BA63-F026ABAE93D7}.Debug|ARM.Deploy.0 = Debug|iPhoneSimulator
		{95678B64-4D3E-4130-BA63-F026ABAE93D7}.Debug|iPhone.ActiveCfg = Debug|iPhone
		{95678B64-4D3E-4130-BA63-F026ABAE93D7}.Debug|iPhone.Build.0 = Debug|iPhone
		{95678B64-4D3E-4130-BA63-F026ABAE93D7}.Debug|iPhone.Deploy.0 = Debug|iPhone
		{95678B64-4D3E-4130-BA63-F026ABAE93D7}.Debug|iPhoneSimulator.ActiveCfg = Debug|iPhoneSimulator
		{95678B64-4D3E-4130-BA63-F026ABAE93D7}.Debug|iPhoneSimulator.Build.0 = Debug|iPhoneSimulator
		{95678B64-4D3E-4130-BA63-F026ABAE93D7}.Debug|iPhoneSimulator.Deploy.0 = Debug|iPhoneSimulator
		{95678B64-4D3E-4130-BA63-F026ABAE93D7}.Debug|x64.ActiveCfg = Debug|iPhone
		{95678B64-4D3E-4130-BA63-F026ABAE93D7}.Debug|x64.Build.0 = Debug|iPhone
		{95678B64-4D3E-4130-BA63-F026ABAE93D7}.Debug|x64.Deploy.0 = Debug|iPhone
		{95678B64-4D3E-4130-BA63-F026ABAE93D7}.Debug|x86.ActiveCfg = Debug|iPhone
		{95678B64-4D3E-4130-BA63-F026ABAE93D7}.Debug|x86.Build.0 = Debug|iPhone
		{95678B64-4D3E-4130-BA63-F026ABAE93D7}.Debug|x86.Deploy.0 = Debug|iPhone
		{95678B64-4D3E-4130-BA63-F026ABAE93D7}.Release|Any CPU.ActiveCfg = Release|iPhone
		{95678B64-4D3E-4130-BA63-F026ABAE93D7}.Release|Any CPU.Build.0 = Release|iPhone
		{95678B64-4D3E-4130-BA63-F026ABAE93D7}.Release|Any CPU.Deploy.0 = Release|iPhone
		{95678B64-4D3E-4130-BA63-F026ABAE93D7}.Release|ARM.ActiveCfg = Release|iPhone
		{95678B64-4D3E-4130-BA63-F026ABAE93D7}.Release|ARM.Build.0 = Release|iPhone
		{95678B64-4D3E-4130-BA63-F026ABAE93D7}.Release|ARM.Deploy.0 = Release|iPhone
		{95678B64-4D3E-4130-BA63-F026ABAE93D7}.Release|iPhone.ActiveCfg = Release|iPhone
		{95678B64-4D3E-4130-BA63-F026ABAE93D7}.Release|iPhone.Build.0 = Release|iPhone
		{95678B64-4D3E-4130-BA63-F026ABAE93D7}.Release|iPhone.Deploy.0 = Release|iPhone
		{95678B64-4D3E-4130-BA63-F026ABAE93D7}.Release|iPhoneSimulator.ActiveCfg = Release|iPhoneSimulator
		{95678B64-4D3E-4130-BA63-F026ABAE93D7}.Release|iPhoneSimulator.Build.0 = Release|iPhoneSimulator
		{95678B64-4D3E-4130-BA63-F026ABAE93D7}.Release|iPhoneSimulator.Deploy.0 = Release|iPhoneSimulator
		{95678B64-4D3E-4130-BA63-F026ABAE93D7}.Release|x64.ActiveCfg = Release|iPhone
		{95678B64-4D3E-4130-BA63-F026ABAE93D7}.Release|x64.Build.0 = Release|iPhone
		{95678B64-4D3E-4130-BA63-F026ABAE93D7}.Release|x64.Deploy.0 = Release|iPhone
		{95678B64-4D3E-4130-BA63-F026ABAE93D7}.Release|x86.ActiveCfg = Release|iPhone
		{95678B64-4D3E-4130-BA63-F026ABAE93D7}.Release|x86.Build.0 = Release|iPhone
		{95678B64-4D3E-4130-BA63-F026ABAE93D7}.Release|x86.Deploy.0 = Release|iPhone
		{45AEBC20-0BD9-4D78-9859-705F390CFFAD}.Debug|Any CPU.ActiveCfg = Debug|Any CPU
		{45AEBC20-0BD9-4D78-9859-705F390CFFAD}.Debug|Any CPU.Build.0 = Debug|Any CPU
		{45AEBC20-0BD9-4D78-9859-705F390CFFAD}.Debug|Any CPU.Deploy.0 = Debug|Any CPU
		{45AEBC20-0BD9-4D78-9859-705F390CFFAD}.Debug|ARM.ActiveCfg = Debug|Any CPU
		{45AEBC20-0BD9-4D78-9859-705F390CFFAD}.Debug|ARM.Build.0 = Debug|Any CPU
		{45AEBC20-0BD9-4D78-9859-705F390CFFAD}.Debug|ARM.Deploy.0 = Debug|Any CPU
		{45AEBC20-0BD9-4D78-9859-705F390CFFAD}.Debug|iPhone.ActiveCfg = Debug|Any CPU
		{45AEBC20-0BD9-4D78-9859-705F390CFFAD}.Debug|iPhone.Build.0 = Debug|Any CPU
		{45AEBC20-0BD9-4D78-9859-705F390CFFAD}.Debug|iPhone.Deploy.0 = Debug|Any CPU
		{45AEBC20-0BD9-4D78-9859-705F390CFFAD}.Debug|iPhoneSimulator.ActiveCfg = Debug|Any CPU
		{45AEBC20-0BD9-4D78-9859-705F390CFFAD}.Debug|iPhoneSimulator.Build.0 = Debug|Any CPU
		{45AEBC20-0BD9-4D78-9859-705F390CFFAD}.Debug|iPhoneSimulator.Deploy.0 = Debug|Any CPU
		{45AEBC20-0BD9-4D78-9859-705F390CFFAD}.Debug|x64.ActiveCfg = Debug|Any CPU
		{45AEBC20-0BD9-4D78-9859-705F390CFFAD}.Debug|x64.Build.0 = Debug|Any CPU
		{45AEBC20-0BD9-4D78-9859-705F390CFFAD}.Debug|x64.Deploy.0 = Debug|Any CPU
		{45AEBC20-0BD9-4D78-9859-705F390CFFAD}.Debug|x86.ActiveCfg = Debug|Any CPU
		{45AEBC20-0BD9-4D78-9859-705F390CFFAD}.Debug|x86.Build.0 = Debug|Any CPU
		{45AEBC20-0BD9-4D78-9859-705F390CFFAD}.Debug|x86.Deploy.0 = Debug|Any CPU
		{45AEBC20-0BD9-4D78-9859-705F390CFFAD}.Release|Any CPU.ActiveCfg = Release|Any CPU
		{45AEBC20-0BD9-4D78-9859-705F390CFFAD}.Release|Any CPU.Build.0 = Release|Any CPU
		{45AEBC20-0BD9-4D78-9859-705F390CFFAD}.Release|Any CPU.Deploy.0 = Release|Any CPU
		{45AEBC20-0BD9-4D78-9859-705F390CFFAD}.Release|ARM.ActiveCfg = Release|Any CPU
		{45AEBC20-0BD9-4D78-9859-705F390CFFAD}.Release|ARM.Build.0 = Release|Any CPU
		{45AEBC20-0BD9-4D78-9859-705F390CFFAD}.Release|ARM.Deploy.0 = Release|Any CPU
		{45AEBC20-0BD9-4D78-9859-705F390CFFAD}.Release|iPhone.ActiveCfg = Release|Any CPU
		{45AEBC20-0BD9-4D78-9859-705F390CFFAD}.Release|iPhone.Build.0 = Release|Any CPU
		{45AEBC20-0BD9-4D78-9859-705F390CFFAD}.Release|iPhone.Deploy.0 = Release|Any CPU
		{45AEBC20-0BD9-4D78-9859-705F390CFFAD}.Release|iPhoneSimulator.ActiveCfg = Release|Any CPU
		{45AEBC20-0BD9-4D78-9859-705F390CFFAD}.Release|iPhoneSimulator.Build.0 = Release|Any CPU
		{45AEBC20-0BD9-4D78-9859-705F390CFFAD}.Release|iPhoneSimulator.Deploy.0 = Release|Any CPU
		{45AEBC20-0BD9-4D78-9859-705F390CFFAD}.Release|x64.ActiveCfg = Release|Any CPU
		{45AEBC20-0BD9-4D78-9859-705F390CFFAD}.Release|x64.Build.0 = Release|Any CPU
		{45AEBC20-0BD9-4D78-9859-705F390CFFAD}.Release|x64.Deploy.0 = Release|Any CPU
		{45AEBC20-0BD9-4D78-9859-705F390CFFAD}.Release|x86.ActiveCfg = Release|Any CPU
		{45AEBC20-0BD9-4D78-9859-705F390CFFAD}.Release|x86.Build.0 = Release|Any CPU
		{45AEBC20-0BD9-4D78-9859-705F390CFFAD}.Release|x86.Deploy.0 = Release|Any CPU
	EndGlobalSection
	GlobalSection(SolutionProperties) = preSolution
		HideSolutionNode = FALSE
	EndGlobalSection
	GlobalSection(ExtensibilityGlobals) = postSolution
		SolutionGuid = {D86A92C5-FEE1-4132-8D42-DF5C48EAD328}
	EndGlobalSection
EndGlobal
